
Microsoft Visual Studio Solution File, Format Version 12.00
# Visual Studio 2017
Project("{FAE04EC0-301F-11D3-BF4B-00C04F79EFBC}") = "Malaga Jam Week VI", "Malaga Jam Week VI.csproj", "{24282C5C-DFC1-E405-A3F2-8364FABBC801}"
EndProject
Project("{FAE04EC0-301F-11D3-BF4B-00C04F79EFBC}") = "Malaga Jam Week VI.Editor", "Malaga Jam Week VI.Editor.csproj", "{C60336E9-1598-98F7-8D75-4DE23461ABC7}"
EndProject
Global
	GlobalSection(SolutionConfigurationPlatforms) = preSolution
		Debug|Any CPU = Debug|Any CPU
		Release|Any CPU = Release|Any CPU
	EndGlobalSection
	GlobalSection(ProjectConfigurationPlatforms) = postSolution
		{24282C5C-DFC1-E405-A3F2-8364FABBC801}.Debug|Any CPU.ActiveCfg = Debug|Any CPU
		{24282C5C-DFC1-E405-A3F2-8364FABBC801}.Debug|Any CPU.Build.0 = Debug|Any CPU
		{24282C5C-DFC1-E405-A3F2-8364FABBC801}.Release|Any CPU.ActiveCfg = Release|Any CPU
		{24282C5C-DFC1-E405-A3F2-8364FABBC801}.Release|Any CPU.Build.0 = Release|Any CPU
		{C60336E9-1598-98F7-8D75-4DE23461ABC7}.Debug|Any CPU.ActiveCfg = Debug|Any CPU
		{C60336E9-1598-98F7-8D75-4DE23461ABC7}.Debug|Any CPU.Build.0 = Debug|Any CPU
		{C60336E9-1598-98F7-8D75-4DE23461ABC7}.Release|Any CPU.ActiveCfg = Release|Any CPU
		{C60336E9-1598-98F7-8D75-4DE23461ABC7}.Release|Any CPU.Build.0 = Release|Any CPU
	EndGlobalSection
	GlobalSection(SolutionProperties) = preSolution
		HideSolutionNode = FALSE
	EndGlobalSection
EndGlobal
